
Microsoft Visual Studio Solution File, Format Version 12.00
# Visual Studio Version 17
VisualStudioVersion = 17.0.31903.59
MinimumVisualStudioVersion = 10.0.40219.1
Project("{FAE04EC0-301F-11D3-BF4B-00C04F79EFBC}") = "Restaurant.API", "Restaurant.API\Restaurant.API.csproj", "{C9757D8F-7B7C-451B-A5A4-311AB6F8251D}"
EndProject
Project("{FAE04EC0-301F-11D3-BF4B-00C04F79EFBC}") = "Restaurant.Domain", "Restaurant.Domain\Restaurant.Domain.csproj", "{39A10355-5083-4BD6-B1CD-19945F92D0A1}"
EndProject
Project("{FAE04EC0-301F-11D3-BF4B-00C04F79EFBC}") = "Restaurant.Persistence", "Restaurant.Persistence\Restaurant.Persistence.csproj", "{1DE02499-2171-4BD6-86ED-4AD1AFDA6101}"
EndProject
Project("{FAE04EC0-301F-11D3-BF4B-00C04F79EFBC}") = "Restaurant.Application", "Restaurant.Application\Restaurant.Application.csproj", "{8B4CA3F6-B2D5-4E82-BBB9-62CB0CC44C9E}"
EndProject
Project("{FAE04EC0-301F-11D3-BF4B-00C04F79EFBC}") = "Restaurant.Services", "Restaurant.Services\Restaurant.Services.csproj", "{4E62D0E3-438E-47EA-8247-A4B6B66BCF79}"
EndProject
Global
	GlobalSection(SolutionConfigurationPlatforms) = preSolution
		Debug|Any CPU = Debug|Any CPU
		Release|Any CPU = Release|Any CPU
	EndGlobalSection
	GlobalSection(SolutionProperties) = preSolution
		HideSolutionNode = FALSE
	EndGlobalSection
	GlobalSection(ProjectConfigurationPlatforms) = postSolution
		{C9757D8F-7B7C-451B-A5A4-311AB6F8251D}.Debug|Any CPU.ActiveCfg = Debug|Any CPU
		{C9757D8F-7B7C-451B-A5A4-311AB6F8251D}.Debug|Any CPU.Build.0 = Debug|Any CPU
		{C9757D8F-7B7C-451B-A5A4-311AB6F8251D}.Release|Any CPU.ActiveCfg = Release|Any CPU
		{C9757D8F-7B7C-451B-A5A4-311AB6F8251D}.Release|Any CPU.Build.0 = Release|Any CPU
		{39A10355-5083-4BD6-B1CD-19945F92D0A1}.Debug|Any CPU.ActiveCfg = Debug|Any CPU
		{39A10355-5083-4BD6-B1CD-19945F92D0A1}.Debug|Any CPU.Build.0 = Debug|Any CPU
		{39A10355-5083-4BD6-B1CD-19945F92D0A1}.Release|Any CPU.ActiveCfg = Release|Any CPU
		{39A10355-5083-4BD6-B1CD-19945F92D0A1}.Release|Any CPU.Build.0 = Release|Any CPU
		{1DE02499-2171-4BD6-86ED-4AD1AFDA6101}.Debug|Any CPU.ActiveCfg = Debug|Any CPU
		{1DE02499-2171-4BD6-86ED-4AD1AFDA6101}.Debug|Any CPU.Build.0 = Debug|Any CPU
		{1DE02499-2171-4BD6-86ED-4AD1AFDA6101}.Release|Any CPU.ActiveCfg = Release|Any CPU
		{1DE02499-2171-4BD6-86ED-4AD1AFDA6101}.Release|Any CPU.Build.0 = Release|Any CPU
		{8B4CA3F6-B2D5-4E82-BBB9-62CB0CC44C9E}.Debug|Any CPU.ActiveCfg = Debug|Any CPU
		{8B4CA3F6-B2D5-4E82-BBB9-62CB0CC44C9E}.Debug|Any CPU.Build.0 = Debug|Any CPU
		{8B4CA3F6-B2D5-4E82-BBB9-62CB0CC44C9E}.Release|Any CPU.ActiveCfg = Release|Any CPU
		{8B4CA3F6-B2D5-4E82-BBB9-62CB0CC44C9E}.Release|Any CPU.Build.0 = Release|Any CPU
		{4E62D0E3-438E-47EA-8247-A4B6B66BCF79}.Debug|Any CPU.ActiveCfg = Debug|Any CPU
		{4E62D0E3-438E-47EA-8247-A4B6B66BCF79}.Debug|Any CPU.Build.0 = Debug|Any CPU
		{4E62D0E3-438E-47EA-8247-A4B6B66BCF79}.Release|Any CPU.ActiveCfg = Release|Any CPU
		{4E62D0E3-438E-47EA-8247-A4B6B66BCF79}.Release|Any CPU.Build.0 = Release|Any CPU
	EndGlobalSection
EndGlobal
